
Microsoft Visual Studio Solution File, Format Version 12.00
# Visual Studio 15
VisualStudioVersion = 15.0.27703.2042
MinimumVisualStudioVersion = 10.0.40219.1
Project("{FAE04EC0-301F-11D3-BF4B-00C04F79EFBC}") = "Week2Lab9RefactoringLab8", "Week2Lab9RefactoringLab8\Week2Lab9RefactoringLab8.csproj", "{288BEC6D-EC20-4EAD-9672-7332D6D19958}"
EndProject
Global
	GlobalSection(SolutionConfigurationPlatforms) = preSolution
		Debug|Any CPU = Debug|Any CPU
		Release|Any CPU = Release|Any CPU
	EndGlobalSection
	GlobalSection(ProjectConfigurationPlatforms) = postSolution
		{288BEC6D-EC20-4EAD-9672-7332D6D19958}.Debug|Any CPU.ActiveCfg = Debug|Any CPU
		{288BEC6D-EC20-4EAD-9672-7332D6D19958}.Debug|Any CPU.Build.0 = Debug|Any CPU
		{288BEC6D-EC20-4EAD-9672-7332D6D19958}.Release|Any CPU.ActiveCfg = Release|Any CPU
		{288BEC6D-EC20-4EAD-9672-7332D6D19958}.Release|Any CPU.Build.0 = Release|Any CPU
	EndGlobalSection
	GlobalSection(SolutionProperties) = preSolution
		HideSolutionNode = FALSE
	EndGlobalSection
	GlobalSection(ExtensibilityGlobals) = postSolution
		SolutionGuid = {F05A00C9-8CF1-445F-82F2-DE1F32A20D04}
	EndGlobalSection
EndGlobal
